
Microsoft Visual Studio Solution File, Format Version 12.00
# Visual Studio Version 17
VisualStudioVersion = 17.14.36623.8 d17.14
MinimumVisualStudioVersion = 10.0.40219.1
Project("{FAE04EC0-301F-11D3-BF4B-00C04F79EFBC}") = "MvcExampleP34", "MvcExampleP34\MvcExampleP34.csproj", "{6B57AF81-1D72-44A7-9A55-85971E70415F}"
EndProject
Global
	GlobalSection(SolutionConfigurationPlatforms) = preSolution
		Debug|Any CPU = Debug|Any CPU
		Release|Any CPU = Release|Any CPU
	EndGlobalSection
	GlobalSection(ProjectConfigurationPlatforms) = postSolution
		{6B57AF81-1D72-44A7-9A55-85971E70415F}.Debug|Any CPU.ActiveCfg = Debug|Any CPU
		{6B57AF81-1D72-44A7-9A55-85971E70415F}.Debug|Any CPU.Build.0 = Debug|Any CPU
		{6B57AF81-1D72-44A7-9A55-85971E70415F}.Release|Any CPU.ActiveCfg = Release|Any CPU
		{6B57AF81-1D72-44A7-9A55-85971E70415F}.Release|Any CPU.Build.0 = Release|Any CPU
	EndGlobalSection
	GlobalSection(SolutionProperties) = preSolution
		HideSolutionNode = FALSE
	EndGlobalSection
	GlobalSection(ExtensibilityGlobals) = postSolution
		SolutionGuid = {32724886-D68A-4E6A-B4C6-075063EA08E3}
	EndGlobalSection
EndGlobal
